
Microsoft Visual Studio Solution File, Format Version 12.00
# Visual Studio Version 16
VisualStudioVersion = 16.0.31702.278
MinimumVisualStudioVersion = 10.0.40219.1
Project("{FAE04EC0-301F-11D3-BF4B-00C04F79EFBC}") = "Calculate what's the Nth Prime Number", "Calculate what's the Nth Prime Number\Calculate what's the Nth Prime Number.csproj", "{F7D14FFA-C089-4FCE-AE44-2A03B7D4328F}"
EndProject
Global
	GlobalSection(SolutionConfigurationPlatforms) = preSolution
		Debug|Any CPU = Debug|Any CPU
		Release|Any CPU = Release|Any CPU
	EndGlobalSection
	GlobalSection(ProjectConfigurationPlatforms) = postSolution
		{F7D14FFA-C089-4FCE-AE44-2A03B7D4328F}.Debug|Any CPU.ActiveCfg = Debug|Any CPU
		{F7D14FFA-C089-4FCE-AE44-2A03B7D4328F}.Debug|Any CPU.Build.0 = Debug|Any CPU
		{F7D14FFA-C089-4FCE-AE44-2A03B7D4328F}.Release|Any CPU.ActiveCfg = Release|Any CPU
		{F7D14FFA-C089-4FCE-AE44-2A03B7D4328F}.Release|Any CPU.Build.0 = Release|Any CPU
	EndGlobalSection
	GlobalSection(SolutionProperties) = preSolution
		HideSolutionNode = FALSE
	EndGlobalSection
	GlobalSection(ExtensibilityGlobals) = postSolution
		SolutionGuid = {3F41270A-33CE-409F-AA5C-B963168A80F9}
	EndGlobalSection
EndGlobal
